// !$*UTF8*$!
{
	archiveVersion = 1;
	classes = {
	};
	objectVersion = 56;
	objects = {

/* Begin PBXBuildFile section */
		587F26622CA8CD0B00571BF8 /* Matematica.m in Sources */ = {isa = PBXBuildFile; fileRef = 587F26612CA8CD0B00571BF8 /* Matematica.m */; };
		588571FE2CA9FC0500C855D3 /* division-sign-4-16.png in Resources */ = {isa = PBXBuildFile; fileRef = 588571FA2CA9FC0500C855D3 /* division-sign-4-16.png */; };
		588571FF2CA9FC0500C855D3 /* ride-10-16.png in Resources */ = {isa = PBXBuildFile; fileRef = 588571FB2CA9FC0500C855D3 /* ride-10-16.png */; };
		588572002CA9FC0500C855D3 /* round-plus-sign-16.png in Resources */ = {isa = PBXBuildFile; fileRef = 588571FC2CA9FC0500C855D3 /* round-plus-sign-16.png */; };
		588572012CA9FC0500C855D3 /* minus-sign-14-16.png in Resources */ = {isa = PBXBuildFile; fileRef = 588571FD2CA9FC0500C855D3 /* minus-sign-14-16.png */; };
		AC03BFA62CA31572001CD518 /* AppDelegate.m in Sources */ = {isa = PBXBuildFile; fileRef = AC03BFA52CA31572001CD518 /* AppDelegate.m */; };
		AC03BFA82CA31574001CD518 /* Assets.xcassets in Resources */ = {isa = PBXBuildFile; fileRef = AC03BFA72CA31574001CD518 /* Assets.xcassets */; };
		AC03BFAB2CA31574001CD518 /* MainMenu.xib in Resources */ = {isa = PBXBuildFile; fileRef = AC03BFA92CA31574001CD518 /* MainMenu.xib */; };
		AC03BFAD2CA31574001CD518 /* main.m in Sources */ = {isa = PBXBuildFile; fileRef = AC03BFAC2CA31574001CD518 /* main.m */; };
		AC03BFB82CA31574001CD518 /* appSuperCalculatorTests.m in Sources */ = {isa = PBXBuildFile; fileRef = AC03BFB72CA31574001CD518 /* appSuperCalculatorTests.m */; };
		AC03BFC22CA31574001CD518 /* appSuperCalculatorUITests.m in Sources */ = {isa = PBXBuildFile; fileRef = AC03BFC12CA31574001CD518 /* appSuperCalculatorUITests.m */; };
		AC03BFC42CA31574001CD518 /* appSuperCalculatorUITestsLaunchTests.m in Sources */ = {isa = PBXBuildFile; fileRef = AC03BFC32CA31574001CD518 /* appSuperCalculatorUITestsLaunchTests.m */; };
/* End PBXBuildFile section */

/* Begin PBXContainerItemProxy section */
		AC03BFB42CA31574001CD518 /* PBXContainerItemProxy */ = {
			isa = PBXContainerItemProxy;
			containerPortal = AC03BF992CA31572001CD518 /* Project object */;
			proxyType = 1;
			remoteGlobalIDString = AC03BFA02CA31572001CD518;
			remoteInfo = appSuperCalculator;
		};
		AC03BFBE2CA31574001CD518 /* PBXContainerItemProxy */ = {
			isa = PBXContainerItemProxy;
			containerPortal = AC03BF992CA31572001CD518 /* Project object */;
			proxyType = 1;
			remoteGlobalIDString = AC03BFA02CA31572001CD518;
			remoteInfo = appSuperCalculator;
		};
/* End PBXContainerItemProxy section */

/* Begin PBXFileReference section */
		587F26602CA8CD0B00571BF8 /* Matematica.h */ = {isa = PBXFileReference; lastKnownFileType = sourcecode.c.h; path = Matematica.h; sourceTree = "<group>"; };
		587F26612CA8CD0B00571BF8 /* Matematica.m */ = {isa = PBXFileReference; lastKnownFileType = sourcecode.c.objc; path = Matematica.m; sourceTree = "<group>"; };
		588571FA2CA9FC0500C855D3 /* division-sign-4-16.png */ = {isa = PBXFileReference; lastKnownFileType = image.png; path = "division-sign-4-16.png"; sourceTree = SOURCE_ROOT; };
		588571FB2CA9FC0500C855D3 /* ride-10-16.png */ = {isa = PBXFileReference; lastKnownFileType = image.png; path = "ride-10-16.png"; sourceTree = SOURCE_ROOT; };
		588571FC2CA9FC0500C855D3 /* round-plus-sign-16.png */ = {isa = PBXFileReference; lastKnownFileType = image.png; path = "round-plus-sign-16.png"; sourceTree = SOURCE_ROOT; };
		588571FD2CA9FC0500C855D3 /* minus-sign-14-16.png */ = {isa = PBXFileReference; lastKnownFileType = image.png; path = "minus-sign-14-16.png"; sourceTree = SOURCE_ROOT; };
		AC03BFA12CA31572001CD518 /* appSuperCalculadora.app */ = {isa = PBXFileReference; explicitFileType = wrapper.application; includeInIndex = 0; path = appSuperCalculadora.app; sourceTree = BUILT_PRODUCTS_DIR; };
		AC03BFA42CA31572001CD518 /* AppDelegate.h */ = {isa = PBXFileReference; lastKnownFileType = sourcecode.c.h; path = AppDelegate.h; sourceTree = "<group>"; };
		AC03BFA52CA31572001CD518 /* AppDelegate.m */ = {isa = PBXFileReference; lastKnownFileType = sourcecode.c.objc; path = AppDelegate.m; sourceTree = "<group>"; };
		AC03BFA72CA31574001CD518 /* Assets.xcassets */ = {isa = PBXFileReference; lastKnownFileType = folder.assetcatalog; path = Assets.xcassets; sourceTree = "<group>"; };
		AC03BFAA2CA31574001CD518 /* Base */ = {isa = PBXFileReference; lastKnownFileType = file.xib; name = Base; path = Base.lproj/MainMenu.xib; sourceTree = "<group>"; };
		AC03BFAC2CA31574001CD518 /* main.m */ = {isa = PBXFileReference; lastKnownFileType = sourcecode.c.objc; path = main.m; sourceTree = "<group>"; };
		AC03BFAE2CA31574001CD518 /* appSuperCalculator.entitlements */ = {isa = PBXFileReference; lastKnownFileType = text.plist.entitlements; path = appSuperCalculator.entitlements; sourceTree = "<group>"; };
		AC03BFB32CA31574001CD518 /* appSuperCalculadoraTests.xctest */ = {isa = PBXFileReference; explicitFileType = wrapper.cfbundle; includeInIndex = 0; path = appSuperCalculadoraTests.xctest; sourceTree = BUILT_PRODUCTS_DIR; };
		AC03BFB72CA31574001CD518 /* appSuperCalculatorTests.m */ = {isa = PBXFileReference; lastKnownFileType = sourcecode.c.objc; path = appSuperCalculatorTests.m; sourceTree = "<group>"; };
		AC03BFBD2CA31574001CD518 /* appSuperCalculadoraUITests.xctest */ = {isa = PBXFileReference; explicitFileType = wrapper.cfbundle; includeInIndex = 0; path = appSuperCalculadoraUITests.xctest; sourceTree = BUILT_PRODUCTS_DIR; };
		AC03BFC12CA31574001CD518 /* appSuperCalculatorUITests.m */ = {isa = PBXFileReference; lastKnownFileType = sourcecode.c.objc; path = appSuperCalculatorUITests.m; sourceTree = "<group>"; };
		AC03BFC32CA31574001CD518 /* appSuperCalculatorUITestsLaunchTests.m */ = {isa = PBXFileReference; lastKnownFileType = sourcecode.c.objc; path = appSuperCalculatorUITestsLaunchTests.m; sourceTree = "<group>"; };
/* End PBXFileReference section */

/* Begin PBXFrameworksBuildPhase section */
		AC03BF9E2CA31572001CD518 /* Frameworks */ = {
			isa = PBXFrameworksBuildPhase;
			buildActionMask = 2147483647;
			files = (
			);
			runOnlyForDeploymentPostprocessing = 0;
		};
		AC03BFB02CA31574001CD518 /* Frameworks */ = {
			isa = PBXFrameworksBuildPhase;
			buildActionMask = 2147483647;
			files = (
			);
			runOnlyForDeploymentPostprocessing = 0;
		};
		AC03BFBA2CA31574001CD518 /* Frameworks */ = {
			isa = PBXFrameworksBuildPhase;
			buildActionMask = 2147483647;
			files = (
			);
			runOnlyForDeploymentPostprocessing = 0;
		};
/* End PBXFrameworksBuildPhase section */

/* Begin PBXGroup section */
		AC03BF982CA31572001CD518 = {
			isa = PBXGroup;
			children = (
				AC03BFA32CA31572001CD518 /* appSuperCalculator */,
				AC03BFB62CA31574001CD518 /* appSuperCalculatorTests */,
				AC03BFC02CA31574001CD518 /* appSuperCalculatorUITests */,
				AC03BFA22CA31572001CD518 /* Products */,
			);
			sourceTree = "<group>";
		};
		AC03BFA22CA31572001CD518 /* Products */ = {
			isa = PBXGroup;
			children = (
				AC03BFA12CA31572001CD518 /* appSuperCalculadora.app */,
				AC03BFB32CA31574001CD518 /* appSuperCalculadoraTests.xctest */,
				AC03BFBD2CA31574001CD518 /* appSuperCalculadoraUITests.xctest */,
			);
			name = Products;
			sourceTree = "<group>";
		};
		AC03BFA32CA31572001CD518 /* appSuperCalculator */ = {
			isa = PBXGroup;
			children = (
				AC03BFA42CA31572001CD518 /* AppDelegate.h */,
				AC03BFA52CA31572001CD518 /* AppDelegate.m */,
				AC03BFA72CA31574001CD518 /* Assets.xcassets */,
				588571FA2CA9FC0500C855D3 /* division-sign-4-16.png */,
				AC03BFA92CA31574001CD518 /* MainMenu.xib */,
				AC03BFAC2CA31574001CD518 /* main.m */,
				587F26602CA8CD0B00571BF8 /* Matematica.h */,
				587F26612CA8CD0B00571BF8 /* Matematica.m */,
				588571FD2CA9FC0500C855D3 /* minus-sign-14-16.png */,
				588571FB2CA9FC0500C855D3 /* ride-10-16.png */,
				588571FC2CA9FC0500C855D3 /* round-plus-sign-16.png */,
				AC03BFAE2CA31574001CD518 /* appSuperCalculator.entitlements */,
			);
			path = appSuperCalculator;
			sourceTree = "<group>";
		};
		AC03BFB62CA31574001CD518 /* appSuperCalculatorTests */ = {
			isa = PBXGroup;
			children = (
				AC03BFB72CA31574001CD518 /* appSuperCalculatorTests.m */,
			);
			path = appSuperCalculatorTests;
			sourceTree = "<group>";
		};
		AC03BFC02CA31574001CD518 /* appSuperCalculatorUITests */ = {
			isa = PBXGroup;
			children = (
				AC03BFC12CA31574001CD518 /* appSuperCalculatorUITests.m */,
				AC03BFC32CA31574001CD518 /* appSuperCalculatorUITestsLaunchTests.m */,
			);
			path = appSuperCalculatorUITests;
			sourceTree = "<group>";
		};
/* End PBXGroup section */

/* Begin PBXNativeTarget section */
		AC03BFA02CA31572001CD518 /* appSuperCalculadora */ = {
			isa = PBXNativeTarget;
			buildConfigurationList = AC03BFC72CA31574001CD518 /* Build configuration list for PBXNativeTarget "appSuperCalculadora" */;
			buildPhases = (
				AC03BF9D2CA31572001CD518 /* Sources */,
				AC03BF9E2CA31572001CD518 /* Frameworks */,
				AC03BF9F2CA31572001CD518 /* Resources */,
			);
			buildRules = (
			);
			dependencies = (
			);
			name = appSuperCalculadora;
			productName = appSuperCalculator;
			productReference = AC03BFA12CA31572001CD518 /* appSuperCalculadora.app */;
			productType = "com.apple.product-type.application";
		};
		AC03BFB22CA31574001CD518 /* appSuperCalculadoraTests */ = {
			isa = PBXNativeTarget;
			buildConfigurationList = AC03BFCA2CA31574001CD518 /* Build configuration list for PBXNativeTarget "appSuperCalculadoraTests" */;
			buildPhases = (
				AC03BFAF2CA31574001CD518 /* Sources */,
				AC03BFB02CA31574001CD518 /* Frameworks */,
				AC03BFB12CA31574001CD518 /* Resources */,
			);
			buildRules = (
			);
			dependencies = (
				AC03BFB52CA31574001CD518 /* PBXTargetDependency */,
			);
			name = appSuperCalculadoraTests;
			productName = appSuperCalculatorTests;
			productReference = AC03BFB32CA31574001CD518 /* appSuperCalculadoraTests.xctest */;
			productType = "com.apple.product-type.bundle.unit-test";
		};
		AC03BFBC2CA31574001CD518 /* appSuperCalculadoraUITests */ = {
			isa = PBXNativeTarget;
			buildConfigurationList = AC03BFCD2CA31574001CD518 /* Build configuration list for PBXNativeTarget "appSuperCalculadoraUITests" */;
			buildPhases = (
				AC03BFB92CA31574001CD518 /* Sources */,
				AC03BFBA2CA31574001CD518 /* Frameworks */,
				AC03BFBB2CA31574001CD518 /* Resources */,
			);
			buildRules = (
			);
			dependencies = (
				AC03BFBF2CA31574001CD518 /* PBXTargetDependency */,
			);
			name = appSuperCalculadoraUITests;
			productName = appSuperCalculatorUITests;
			productReference = AC03BFBD2CA31574001CD518 /* appSuperCalculadoraUITests.xctest */;
			productType = "com.apple.product-type.bundle.ui-testing";
		};
/* End PBXNativeTarget section */

/* Begin PBXProject section */
		AC03BF992CA31572001CD518 /* Project object */ = {
			isa = PBXProject;
			attributes = {
				BuildIndependentTargetsInParallel = 1;
				LastUpgradeCheck = 1520;
				TargetAttributes = {
					AC03BFA02CA31572001CD518 = {
						CreatedOnToolsVersion = 15.2;
					};
					AC03BFB22CA31574001CD518 = {
						CreatedOnToolsVersion = 15.2;
						TestTargetID = AC03BFA02CA31572001CD518;
					};
					AC03BFBC2CA31574001CD518 = {
						CreatedOnToolsVersion = 15.2;
						TestTargetID = AC03BFA02CA31572001CD518;
					};
				};
			};
			buildConfigurationList = AC03BF9C2CA31572001CD518 /* Build configuration list for PBXProject "appSuperCalculadora" */;
			compatibilityVersion = "Xcode 14.0";
			developmentRegion = en;
			hasScannedForEncodings = 0;
			knownRegions = (
				en,
				Base,
			);
			mainGroup = AC03BF982CA31572001CD518;
			productRefGroup = AC03BFA22CA31572001CD518 /* Products */;
			projectDirPath = "";
			projectRoot = "";
			targets = (
				AC03BFA02CA31572001CD518 /* appSuperCalculadora */,
				AC03BFB22CA31574001CD518 /* appSuperCalculadoraTests */,
				AC03BFBC2CA31574001CD518 /* appSuperCalculadoraUITests */,
			);
		};
/* End PBXProject section */

/* Begin PBXResourcesBuildPhase section */
		AC03BF9F2CA31572001CD518 /* Resources */ = {
			isa = PBXResourcesBuildPhase;
			buildActionMask = 2147483647;
			files = (
				AC03BFA82CA31574001CD518 /* Assets.xcassets in Resources */,
				AC03BFAB2CA31574001CD518 /* MainMenu.xib in Resources */,
				588572002CA9FC0500C855D3 /* round-plus-sign-16.png in Resources */,
				588571FE2CA9FC0500C855D3 /* division-sign-4-16.png in Resources */,
				588571FF2CA9FC0500C855D3 /* ride-10-16.png in Resources */,
				588572012CA9FC0500C855D3 /* minus-sign-14-16.png in Resources */,
			);
			runOnlyForDeploymentPostprocessing = 0;
		};
		AC03BFB12CA31574001CD518 /* Resources */ = {
			isa = PBXResourcesBuildPhase;
			buildActionMask = 2147483647;
			files = (
			);
			runOnlyForDeploymentPostprocessing = 0;
		};
		AC03BFBB2CA31574001CD518 /* Resources */ = {
			isa = PBXResourcesBuildPhase;
			buildActionMask = 2147483647;
			files = (
			);
			runOnlyForDeploymentPostprocessing = 0;
		};
/* End PBXResourcesBuildPhase section */

/* Begin PBXSourcesBuildPhase section */
		AC03BF9D2CA31572001CD518 /* Sources */ = {
			isa = PBXSourcesBuildPhase;
			buildActionMask = 2147483647;
			files = (
				AC03BFAD2CA31574001CD518 /* main.m in Sources */,
				587F26622CA8CD0B00571BF8 /* Matematica.m in Sources */,
				AC03BFA62CA31572001CD518 /* AppDelegate.m in Sources */,
			);
			runOnlyForDeploymentPostprocessing = 0;
		};
		AC03BFAF2CA31574001CD518 /* Sources */ = {
			isa = PBXSourcesBuildPhase;
			buildActionMask = 2147483647;
			files = (
				AC03BFB82CA31574001CD518 /* appSuperCalculatorTests.m in Sources */,
			);
			runOnlyForDeploymentPostprocessing = 0;
		};
		AC03BFB92CA31574001CD518 /* Sources */ = {
			isa = PBXSourcesBuildPhase;
			buildActionMask = 2147483647;
			files = (
				AC03BFC42CA31574001CD518 /* appSuperCalculatorUITestsLaunchTests.m in Sources */,
				AC03BFC22CA31574001CD518 /* appSuperCalculatorUITests.m in Sources */,
			);
			runOnlyForDeploymentPostprocessing = 0;
		};
/* End PBXSourcesBuildPhase section */

/* Begin PBXTargetDependency section */
		AC03BFB52CA31574001CD518 /* PBXTargetDependency */ = {
			isa = PBXTargetDependency;
			target = AC03BFA02CA31572001CD518 /* appSuperCalculadora */;
			targetProxy = AC03BFB42CA31574001CD518 /* PBXContainerItemProxy */;
		};
		AC03BFBF2CA31574001CD518 /* PBXTargetDependency */ = {
			isa = PBXTargetDependency;
			target = AC03BFA02CA31572001CD518 /* appSuperCalculadora */;
			targetProxy = AC03BFBE2CA31574001CD518 /* PBXContainerItemProxy */;
		};
/* End PBXTargetDependency section */

/* Begin PBXVariantGroup section */
		AC03BFA92CA31574001CD518 /* MainMenu.xib */ = {
			isa = PBXVariantGroup;
			children = (
				AC03BFAA2CA31574001CD518 /* Base */,
			);
			name = MainMenu.xib;
			sourceTree = "<group>";
		};
/* End PBXVariantGroup section */

/* Begin XCBuildConfiguration section */
		AC03BFC52CA31574001CD518 /* Debug */ = {
			isa = XCBuildConfiguration;
			buildSettings = {
				ALWAYS_SEARCH_USER_PATHS = NO;
				ASSETCATALOG_COMPILER_GENERATE_SWIFT_ASSET_SYMBOL_EXTENSIONS = YES;
				CLANG_ANALYZER_NONNULL = YES;
				CLANG_ANALYZER_NUMBER_OBJECT_CONVERSION = YES_AGGRESSIVE;
				CLANG_CXX_LANGUAGE_STANDARD = "gnu++20";
				CLANG_ENABLE_MODULES = YES;
				CLANG_ENABLE_OBJC_ARC = YES;
				CLANG_ENABLE_OBJC_WEAK = YES;
				CLANG_WARN_BLOCK_CAPTURE_AUTORELEASING = YES;
				CLANG_WARN_BOOL_CONVERSION = YES;
				CLANG_WARN_COMMA = YES;
				CLANG_WARN_CONSTANT_CONVERSION = YES;
				CLANG_WARN_DEPRECATED_OBJC_IMPLEMENTATIONS = YES;
				CLANG_WARN_DIRECT_OBJC_ISA_USAGE = YES_ERROR;
				CLANG_WARN_DOCUMENTATION_COMMENTS = YES;
				CLANG_WARN_EMPTY_BODY = YES;
				CLANG_WARN_ENUM_CONVERSION = YES;
				CLANG_WARN_INFINITE_RECURSION = YES;
				CLANG_WARN_INT_CONVERSION = YES;
				CLANG_WARN_NON_LITERAL_NULL_CONVERSION = YES;
				CLANG_WARN_OBJC_IMPLICIT_RETAIN_SELF = YES;
				CLANG_WARN_OBJC_LITERAL_CONVERSION = YES;
				CLANG_WARN_OBJC_ROOT_CLASS = YES_ERROR;
				CLANG_WARN_QUOTED_INCLUDE_IN_FRAMEWORK_HEADER = YES;
				CLANG_WARN_RANGE_LOOP_ANALYSIS = YES;
				CLANG_WARN_STRICT_PROTOTYPES = YES;
				CLANG_WARN_SUSPICIOUS_MOVE = YES;
				CLANG_WARN_UNGUARDED_AVAILABILITY = YES_AGGRESSIVE;
				CLANG_WARN_UNREACHABLE_CODE = YES;
				CLANG_WARN__DUPLICATE_METHOD_MATCH = YES;
				COPY_PHASE_STRIP = NO;
				DEBUG_INFORMATION_FORMAT = dwarf;
				ENABLE_STRICT_OBJC_MSGSEND = YES;
				ENABLE_TESTABILITY = YES;
				ENABLE_USER_SCRIPT_SANDBOXING = YES;
				GCC_C_LANGUAGE_STANDARD = gnu17;
				GCC_DYNAMIC_NO_PIC = NO;
				GCC_NO_COMMON_BLOCKS = YES;
				GCC_OPTIMIZATION_LEVEL = 0;
				GCC_PREPROCESSOR_DEFINITIONS = (
					"DEBUG=1",
					"$(inherited)",
				);
				GCC_WARN_64_TO_32_BIT_CONVERSION = YES;
				GCC_WARN_ABOUT_RETURN_TYPE = YES_ERROR;
				GCC_WARN_UNDECLARED_SELECTOR = YES;
				GCC_WARN_UNINITIALIZED_AUTOS = YES_AGGRESSIVE;
				GCC_WARN_UNUSED_FUNCTION = YES;
				GCC_WARN_UNUSED_VARIABLE = YES;
				LOCALIZATION_PREFERS_STRING_CATALOGS = YES;
				MACOSX_DEPLOYMENT_TARGET = 13.6;
				MTL_ENABLE_DEBUG_INFO = INCLUDE_SOURCE;
				MTL_FAST_MATH = YES;
				ONLY_ACTIVE_ARCH = YES;
				SDKROOT = macosx;
			};
			name = Debug;
		};
		AC03BFC62CA31574001CD518 /* Release */ = {
			isa = XCBuildConfiguration;
			buildSettings = {
				ALWAYS_SEARCH_USER_PATHS = NO;
				ASSETCATALOG_COMPILER_GENERATE_SWIFT_ASSET_SYMBOL_EXTENSIONS = YES;
				CLANG_ANALYZER_NONNULL = YES;
				CLANG_ANALYZER_NUMBER_OBJECT_CONVERSION = YES_AGGRESSIVE;
				CLANG_CXX_LANGUAGE_STANDARD = "gnu++20";
				CLANG_ENABLE_MODULES = YES;
				CLANG_ENABLE_OBJC_ARC = YES;
				CLANG_ENABLE_OBJC_WEAK = YES;
				CLANG_WARN_BLOCK_CAPTURE_AUTORELEASING = YES;
				CLANG_WARN_BOOL_CONVERSION = YES;
				CLANG_WARN_COMMA = YES;
				CLANG_WARN_CONSTANT_CONVERSION = YES;
				CLANG_WARN_DEPRECATED_OBJC_IMPLEMENTATIONS = YES;
				CLANG_WARN_DIRECT_OBJC_ISA_USAGE = YES_ERROR;
				CLANG_WARN_DOCUMENTATION_COMMENTS = YES;
				CLANG_WARN_EMPTY_BODY = YES;
				CLANG_WARN_ENUM_CONVERSION = YES;
				CLANG_WARN_INFINITE_RECURSION = YES;
				CLANG_WARN_INT_CONVERSION = YES;
				CLANG_WARN_NON_LITERAL_NULL_CONVERSION = YES;
				CLANG_WARN_OBJC_IMPLICIT_RETAIN_SELF = YES;
				CLANG_WARN_OBJC_LITERAL_CONVERSION = YES;
				CLANG_WARN_OBJC_ROOT_CLASS = YES_ERROR;
				CLANG_WARN_QUOTED_INCLUDE_IN_FRAMEWORK_HEADER = YES;
				CLANG_WARN_RANGE_LOOP_ANALYSIS = YES;
				CLANG_WARN_STRICT_PROTOTYPES = YES;
				CLANG_WARN_SUSPICIOUS_MOVE = YES;
				CLANG_WARN_UNGUARDED_AVAILABILITY = YES_AGGRESSIVE;
				CLANG_WARN_UNREACHABLE_CODE = YES;
				CLANG_WARN__DUPLICATE_METHOD_MATCH = YES;
				COPY_PHASE_STRIP = NO;
				DEBUG_INFORMATION_FORMAT = "dwarf-with-dsym";
				ENABLE_NS_ASSERTIONS = NO;
				ENABLE_STRICT_OBJC_MSGSEND = YES;
				ENABLE_USER_SCRIPT_SANDBOXING = YES;
				GCC_C_LANGUAGE_STANDARD = gnu17;
				GCC_NO_COMMON_BLOCKS = YES;
				GCC_WARN_64_TO_32_BIT_CONVERSION = YES;
				GCC_WARN_ABOUT_RETURN_TYPE = YES_ERROR;
				GCC_WARN_UNDECLARED_SELECTOR = YES;
				GCC_WARN_UNINITIALIZED_AUTOS = YES_AGGRESSIVE;
				GCC_WARN_UNUSED_FUNCTION = YES;
				GCC_WARN_UNUSED_VARIABLE = YES;
				LOCALIZATION_PREFERS_STRING_CATALOGS = YES;
				MACOSX_DEPLOYMENT_TARGET = 13.6;
				MTL_ENABLE_DEBUG_INFO = NO;
				MTL_FAST_MATH = YES;
				SDKROOT = macosx;
			};
			name = Release;
		};
		AC03BFC82CA31574001CD518 /* Debug */ = {
			isa = XCBuildConfiguration;
			buildSettings = {
				ASSETCATALOG_COMPILER_APPICON_NAME = AppIcon;
				ASSETCATALOG_COMPILER_GLOBAL_ACCENT_COLOR_NAME = AccentColor;
				CODE_SIGN_ENTITLEMENTS = appSuperCalculator/appSuperCalculator.entitlements;
				CODE_SIGN_STYLE = Automatic;
				COMBINE_HIDPI_IMAGES = YES;
				CURRENT_PROJECT_VERSION = 1;
				GENERATE_INFOPLIST_FILE = YES;
				INFOPLIST_KEY_NSHumanReadableCopyright = "";
				INFOPLIST_KEY_NSMainNibFile = MainMenu;
				INFOPLIST_KEY_NSPrincipalClass = NSApplication;
				LD_RUNPATH_SEARCH_PATHS = (
					"$(inherited)",
					"@executable_path/../Frameworks",
				);
				MARKETING_VERSION = 1.0;
				PRODUCT_BUNDLE_IDENTIFIER = itlaguna.appSuperCalculator;
				PRODUCT_NAME = "$(TARGET_NAME)";
				SWIFT_EMIT_LOC_STRINGS = YES;
			};
			name = Debug;
		};
		AC03BFC92CA31574001CD518 /* Release */ = {
			isa = XCBuildConfiguration;
			buildSettings = {
				ASSETCATALOG_COMPILER_APPICON_NAME = AppIcon;
				ASSETCATALOG_COMPILER_GLOBAL_ACCENT_COLOR_NAME = AccentColor;
				CODE_SIGN_ENTITLEMENTS = appSuperCalculator/appSuperCalculator.entitlements;
				CODE_SIGN_STYLE = Automatic;
				COMBINE_HIDPI_IMAGES = YES;
				CURRENT_PROJECT_VERSION = 1;
				GENERATE_INFOPLIST_FILE = YES;
				INFOPLIST_KEY_NSHumanReadableCopyright = "";
				INFOPLIST_KEY_NSMainNibFile = MainMenu;
				INFOPLIST_KEY_NSPrincipalClass = NSApplication;
				LD_RUNPATH_SEARCH_PATHS = (
					"$(inherited)",
					"@executable_path/../Frameworks",
				);
				MARKETING_VERSION = 1.0;
				PRODUCT_BUNDLE_IDENTIFIER = itlaguna.appSuperCalculator;
				PRODUCT_NAME = "$(TARGET_NAME)";
				SWIFT_EMIT_LOC_STRINGS = YES;
			};
			name = Release;
		};
		AC03BFCB2CA31574001CD518 /* Debug */ = {
			isa = XCBuildConfiguration;
			buildSettings = {
				BUNDLE_LOADER = "$(TEST_HOST)";
				CODE_SIGN_STYLE = Automatic;
				CURRENT_PROJECT_VERSION = 1;
				GENERATE_INFOPLIST_FILE = YES;
				MACOSX_DEPLOYMENT_TARGET = 13.6;
				MARKETING_VERSION = 1.0;
				PRODUCT_BUNDLE_IDENTIFIER = itlaguna.appSuperCalculatorTests;
				PRODUCT_NAME = "$(TARGET_NAME)";
				SWIFT_EMIT_LOC_STRINGS = NO;
				TEST_HOST = "$(BUILT_PRODUCTS_DIR)/appSuperCalculadora.app/$(BUNDLE_EXECUTABLE_FOLDER_PATH)/appSuperCalculadora";
			};
			name = Debug;
		};
		AC03BFCC2CA31574001CD518 /* Release */ = {
			isa = XCBuildConfiguration;
			buildSettings = {
				BUNDLE_LOADER = "$(TEST_HOST)";
				CODE_SIGN_STYLE = Automatic;
				CURRENT_PROJECT_VERSION = 1;
				GENERATE_INFOPLIST_FILE = YES;
				MACOSX_DEPLOYMENT_TARGET = 13.6;
				MARKETING_VERSION = 1.0;
				PRODUCT_BUNDLE_IDENTIFIER = itlaguna.appSuperCalculatorTests;
				PRODUCT_NAME = "$(TARGET_NAME)";
				SWIFT_EMIT_LOC_STRINGS = NO;
				TEST_HOST = "$(BUILT_PRODUCTS_DIR)/appSuperCalculadora.app/$(BUNDLE_EXECUTABLE_FOLDER_PATH)/appSuperCalculadora";
			};
			name = Release;
		};
		AC03BFCE2CA31574001CD518 /* Debug */ = {
			isa = XCBuildConfiguration;
			buildSettings = {
				CODE_SIGN_STYLE = Automatic;
				CURRENT_PROJECT_VERSION = 1;
				GENERATE_INFOPLIST_FILE = YES;
				MARKETING_VERSION = 1.0;
				PRODUCT_BUNDLE_IDENTIFIER = itlaguna.appSuperCalculatorUITests;
				PRODUCT_NAME = "$(TARGET_NAME)";
				SWIFT_EMIT_LOC_STRINGS = NO;
				TEST_TARGET_NAME = appSuperCalculator;
			};
			name = Debug;
		};
		AC03BFCF2CA31574001CD518 /* Release */ = {
			isa = XCBuildConfiguration;
			buildSettings = {
				CODE_SIGN_STYLE = Automatic;
				CURRENT_PROJECT_VERSION = 1;
				GENERATE_INFOPLIST_FILE = YES;
				MARKETING_VERSION = 1.0;
				PRODUCT_BUNDLE_IDENTIFIER = itlaguna.appSuperCalculatorUITests;
				PRODUCT_NAME = "$(TARGET_NAME)";
				SWIFT_EMIT_LOC_STRINGS = NO;
				TEST_TARGET_NAME = appSuperCalculator;
			};
			name = Release;
		};
/* End XCBuildConfiguration section */

/* Begin XCConfigurationList section */
		AC03BF9C2CA31572001CD518 /* Build configuration list for PBXProject "appSuperCalculadora" */ = {
			isa = XCConfigurationList;
			buildConfigurations = (
				AC03BFC52CA31574001CD518 /* Debug */,
				AC03BFC62CA31574001CD518 /* Release */,
			);
			defaultConfigurationIsVisible = 0;
			defaultConfigurationName = Release;
		};
		AC03BFC72CA31574001CD518 /* Build configuration list for PBXNativeTarget "appSuperCalculadora" */ = {
			isa = XCConfigurationList;
			buildConfigurations = (
				AC03BFC82CA31574001CD518 /* Debug */,
				AC03BFC92CA31574001CD518 /* Release */,
			);
			defaultConfigurationIsVisible = 0;
			defaultConfigurationName = Release;
		};
		AC03BFCA2CA31574001CD518 /* Build configuration list for PBXNativeTarget "appSuperCalculadoraTests" */ = {
			isa = XCConfigurationList;
			buildConfigurations = (
				AC03BFCB2CA31574001CD518 /* Debug */,
				AC03BFCC2CA31574001CD518 /* Release */,
			);
			defaultConfigurationIsVisible = 0;
			defaultConfigurationName = Release;
		};
		AC03BFCD2CA31574001CD518 /* Build configuration list for PBXNativeTarget "appSuperCalculadoraUITests" */ = {
			isa = XCConfigurationList;
			buildConfigurations = (
				AC03BFCE2CA31574001CD518 /* Debug */,
				AC03BFCF2CA31574001CD518 /* Release */,
			);
			defaultConfigurationIsVisible = 0;
			defaultConfigurationName = Release;
		};
/* End XCConfigurationList section */
	};
	rootObject = AC03BF992CA31572001CD518 /* Project object */;
}
